
Microsoft Visual Studio Solution File, Format Version 10.00
# Visual Studio 2008
Project("{8BC9CEB8-8B4A-11D0-8D11-00A0C91BC942}") = "WinSwitcher", "WinSwitcher.vcproj", "{D5E5ED17-99A7-4389-B438-1D123AB02E12}"
EndProject
Global
	GlobalSection(SolutionConfigurationPlatforms) = preSolution
		Debug|Win32 = Debug|Win32
		Release|Win32 = Release|Win32
	EndGlobalSection
	GlobalSection(ProjectConfigurationPlatforms) = postSolution
		{D5E5ED17-99A7-4389-B438-1D123AB02E12}.Debug|Win32.ActiveCfg = Debug|Win32
		{D5E5ED17-99A7-4389-B438-1D123AB02E12}.Debug|Win32.Build.0 = Debug|Win32
		{D5E5ED17-99A7-4389-B438-1D123AB02E12}.Release|Win32.ActiveCfg = Release|Win32
		{D5E5ED17-99A7-4389-B438-1D123AB02E12}.Release|Win32.Build.0 = Release|Win32
	EndGlobalSection
	GlobalSection(SolutionProperties) = preSolution
		HideSolutionNode = FALSE
	EndGlobalSection
EndGlobal
